
Microsoft Visual Studio Solution File, Format Version 12.00
# Visual Studio Version 17
VisualStudioVersion = 17.1.32210.238
MinimumVisualStudioVersion = 10.0.40219.1
Project("{9A19103F-16F7-4668-BE54-9A1E7A4F7556}") = "MvcMovie", "MvsMovie\MvcMovie.csproj", "{F325AB35-A020-4F6D-A37E-37A0295FD438}"
EndProject
Global
	GlobalSection(SolutionConfigurationPlatforms) = preSolution
		Debug|Any CPU = Debug|Any CPU
		Release|Any CPU = Release|Any CPU
	EndGlobalSection
	GlobalSection(ProjectConfigurationPlatforms) = postSolution
		{F325AB35-A020-4F6D-A37E-37A0295FD438}.Debug|Any CPU.ActiveCfg = Debug|Any CPU
		{F325AB35-A020-4F6D-A37E-37A0295FD438}.Debug|Any CPU.Build.0 = Debug|Any CPU
		{F325AB35-A020-4F6D-A37E-37A0295FD438}.Release|Any CPU.ActiveCfg = Release|Any CPU
		{F325AB35-A020-4F6D-A37E-37A0295FD438}.Release|Any CPU.Build.0 = Release|Any CPU
	EndGlobalSection
	GlobalSection(SolutionProperties) = preSolution
		HideSolutionNode = FALSE
	EndGlobalSection
	GlobalSection(ExtensibilityGlobals) = postSolution
		SolutionGuid = {DED97D61-229F-4F96-996D-48A36E8055C5}
	EndGlobalSection
EndGlobal
